{
  "name": "yourtickets",
  "lockfileVersion": 2,
  "requires": true,
  "packages": {
    "": {
      "dependencies": {
        "@syncfusion/ej2-vue-charts": "^22.2.12"
      }
    },
    "node_modules/@syncfusion/ej2-base": {
      "version": "22.2.12",
      "resolved": "https://registry.npmjs.org/@syncfusion/ej2-base/-/ej2-base-22.2.12.tgz",
      "integrity": "sha512-r8aEQBfXHxJqPn4EVH9+7OCg45nOE0+RFbY+jVn3E0qwRE9M1VHC6zuxe4pVpjBE67TuKrXdVQHdqz+uH8vIUA==",
      "dependencies": {
        "@syncfusion/ej2-icons": "~22.2.5"
      },
      "bin": {
        "syncfusion-license": "bin/syncfusion-license.js"
      }
    },
    "node_modules/@syncfusion/ej2-buttons": {
      "version": "22.2.9",
      "resolved": "https://registry.npmjs.org/@syncfusion/ej2-buttons/-/ej2-buttons-22.2.9.tgz",
      "integrity": "sha512-D4QbitRDTuO1xuDIAWbMABYGXpKWCOyUZEq9NbUn68zMCaXFX4u4clwAFcxN24XX98mey4pFPL6GLvNnpXWdHQ==",
      "dependencies": {
        "@syncfusion/ej2-base": "~22.2.9"
      }
    },
    "node_modules/@syncfusion/ej2-calendars": {
      "version": "22.2.12",
      "resolved": "https://registry.npmjs.org/@syncfusion/ej2-calendars/-/ej2-calendars-22.2.12.tgz",
      "integrity": "sha512-r2a+IqZ22a1nxMqAwX+4rjXZO/f9wnop+zdNRQ+XdqMY6GXx3A2sUl6W+3j7jB47zc0O4Ncs/8l5CgC36hrZGA==",
      "dependencies": {
        "@syncfusion/ej2-base": "~22.2.12",
        "@syncfusion/ej2-buttons": "~22.2.9",
        "@syncfusion/ej2-inputs": "~22.2.12",
        "@syncfusion/ej2-lists": "~22.2.11",
        "@syncfusion/ej2-popups": "~22.2.11"
      }
    },
    "node_modules/@syncfusion/ej2-charts": {
      "version": "22.2.12",
      "resolved": "https://registry.npmjs.org/@syncfusion/ej2-charts/-/ej2-charts-22.2.12.tgz",
      "integrity": "sha512-8eud92ei7Jec+xotGMjX/k3Za95VhB/0IErsB974JiyQIlgbcA/LY8njNGN57tbya3qP0kD3GQhYk/q+SgevWQ==",
      "dependencies": {
        "@syncfusion/ej2-base": "~22.2.12",
        "@syncfusion/ej2-calendars": "~22.2.12",
        "@syncfusion/ej2-compression": "~22.2.5",
        "@syncfusion/ej2-data": "~22.2.5",
        "@syncfusion/ej2-file-utils": "~22.2.5",
        "@syncfusion/ej2-navigations": "~22.2.11",
        "@syncfusion/ej2-pdf-export": "~22.2.5",
        "@syncfusion/ej2-svg-base": "~22.2.8"
      }
    },
    "node_modules/@syncfusion/ej2-compression": {
      "version": "22.2.5",
      "resolved": "https://registry.npmjs.org/@syncfusion/ej2-compression/-/ej2-compression-22.2.5.tgz",
      "integrity": "sha512-LRiLEWVPxjjlxpeDrG0ZqVLNdnglPkkbxzqvfwKomXS8C0fAQyIiB4oxWDHEdNXrHG7F8FAbD3BFz0+bv14fEw==",
      "dependencies": {
        "@syncfusion/ej2-file-utils": "~22.2.5"
      }
    },
    "node_modules/@syncfusion/ej2-data": {
      "version": "22.2.5",
      "resolved": "https://registry.npmjs.org/@syncfusion/ej2-data/-/ej2-data-22.2.5.tgz",
      "integrity": "sha512-RV+ZHrZAQfV+Iey3yaemgvyYiBvdlAw+7N1GYzXnDO1xi3pZl4PxYlh/TM6Im/dNy1VMz42NdpPVlkRvfi1fVg==",
      "dependencies": {
        "@syncfusion/ej2-base": "~22.2.5"
      }
    },
    "node_modules/@syncfusion/ej2-file-utils": {
      "version": "22.2.5",
      "resolved": "https://registry.npmjs.org/@syncfusion/ej2-file-utils/-/ej2-file-utils-22.2.5.tgz",
      "integrity": "sha512-GEupJ/8l9YEBv19VURPWd99cnwUWaLkwuId/MMW7tF8k6qRgOnN4CmxagIZsZa4X4B/pbLvVtiWlLLN6GESLPw=="
    },
    "node_modules/@syncfusion/ej2-icons": {
      "version": "22.2.5",
      "resolved": "https://registry.npmjs.org/@syncfusion/ej2-icons/-/ej2-icons-22.2.5.tgz",
      "integrity": "sha512-gNfUKBZ3kQNCX9fPDYai0xDVXbMPpmTSA9/tcuAv2rJhilCtkL7WSof5dPV/z9IOX8tjWYW/KCOdaTpxMPDQlg=="
    },
    "node_modules/@syncfusion/ej2-inputs": {
      "version": "22.2.12",
      "resolved": "https://registry.npmjs.org/@syncfusion/ej2-inputs/-/ej2-inputs-22.2.12.tgz",
      "integrity": "sha512-TOmoOjP4DaLzrN1iSff7noGSCHPI913ACprEYQLGCBIHZTsYt/2TxxLYB1u/3TdgPxrJmk/G0TQb80QLFAXAHA==",
      "dependencies": {
        "@syncfusion/ej2-base": "~22.2.12",
        "@syncfusion/ej2-buttons": "~22.2.9",
        "@syncfusion/ej2-popups": "~22.2.11",
        "@syncfusion/ej2-splitbuttons": "~22.2.8"
      }
    },
    "node_modules/@syncfusion/ej2-lists": {
      "version": "22.2.11",
      "resolved": "https://registry.npmjs.org/@syncfusion/ej2-lists/-/ej2-lists-22.2.11.tgz",
      "integrity": "sha512-YPHZAAfNNbFTFg8EqPR2H+YSVPUMMkbWUlClOz6F0Ha67d7+uG2QUgPya9r+klXn2az4Ca7bwABjpxyKSUCkGA==",
      "dependencies": {
        "@syncfusion/ej2-base": "~22.2.10",
        "@syncfusion/ej2-buttons": "~22.2.9",
        "@syncfusion/ej2-data": "~22.2.5"
      }
    },
    "node_modules/@syncfusion/ej2-navigations": {
      "version": "22.2.11",
      "resolved": "https://registry.npmjs.org/@syncfusion/ej2-navigations/-/ej2-navigations-22.2.11.tgz",
      "integrity": "sha512-regiXG69YWW3nXMsPDUxp4bIcP1tw4PHPpFHZWX36QjW1WhhvxQuP460g+tf6stx7+5g6qxIpcqGm9vY6+oCYQ==",
      "dependencies": {
        "@syncfusion/ej2-base": "~22.2.10",
        "@syncfusion/ej2-buttons": "~22.2.9",
        "@syncfusion/ej2-data": "~22.2.5",
        "@syncfusion/ej2-inputs": "~22.2.9",
        "@syncfusion/ej2-lists": "~22.2.11",
        "@syncfusion/ej2-popups": "~22.2.11"
      }
    },
    "node_modules/@syncfusion/ej2-pdf-export": {
      "version": "22.2.5",
      "resolved": "https://registry.npmjs.org/@syncfusion/ej2-pdf-export/-/ej2-pdf-export-22.2.5.tgz",
      "integrity": "sha512-yiZrGg6je3O/wRArn06q3g6nXSbW8x5L/Pz9FSIQ2ZYIYRhGVQaEXicmUC9PPsE3sSxt3QvwTFTRLeOXg2E8Qg==",
      "dependencies": {
        "@syncfusion/ej2-compression": "~22.2.5"
      }
    },
    "node_modules/@syncfusion/ej2-popups": {
      "version": "22.2.11",
      "resolved": "https://registry.npmjs.org/@syncfusion/ej2-popups/-/ej2-popups-22.2.11.tgz",
      "integrity": "sha512-xW9JO9sTqWCNQEuFHOPwDF8cBnNlRxNKBnOws+G18YMF+DTKz5a7XZg09tCRU9EFG1CDv1DpR05YvvH+2hMicA==",
      "dependencies": {
        "@syncfusion/ej2-base": "~22.2.10",
        "@syncfusion/ej2-buttons": "~22.2.9"
      }
    },
    "node_modules/@syncfusion/ej2-splitbuttons": {
      "version": "22.2.8",
      "resolved": "https://registry.npmjs.org/@syncfusion/ej2-splitbuttons/-/ej2-splitbuttons-22.2.8.tgz",
      "integrity": "sha512-+zo3enSHDtD7yDx1frm2+XlFEQV6uKBriE2wGt+vtZnnyzaESqRFEqxOAtQCFxN3RDMmGRiUT6qwiNSXY4rDeQ==",
      "dependencies": {
        "@syncfusion/ej2-base": "~22.2.5",
        "@syncfusion/ej2-popups": "~22.2.7"
      }
    },
    "node_modules/@syncfusion/ej2-svg-base": {
      "version": "22.2.8",
      "resolved": "https://registry.npmjs.org/@syncfusion/ej2-svg-base/-/ej2-svg-base-22.2.8.tgz",
      "integrity": "sha512-HEuYXxNELG7oDbLsvqUpgoAZmkchKYv1QZEBBDOFIsGAYgBb1nCdqLdsvgHNRj5lsIxWTODZenpuFKoAW7A7pw==",
      "dependencies": {
        "@syncfusion/ej2-base": "~22.2.5"
      }
    },
    "node_modules/@syncfusion/ej2-vue-base": {
      "version": "22.2.5",
      "resolved": "https://registry.npmjs.org/@syncfusion/ej2-vue-base/-/ej2-vue-base-22.2.5.tgz",
      "integrity": "sha512-+0oRs137rlUNqhxNePWTMsTUMqgKLOY9x9jVhvrNanIYgQdceeVp8ZxA+I2BqUZdY1AATsViWQNDpeNSj6dKhg==",
      "dependencies": {
        "@syncfusion/ej2-base": "~22.2.5"
      }
    },
    "node_modules/@syncfusion/ej2-vue-charts": {
      "version": "22.2.12",
      "resolved": "https://registry.npmjs.org/@syncfusion/ej2-vue-charts/-/ej2-vue-charts-22.2.12.tgz",
      "integrity": "sha512-PfyOH7GOneQ7KB89C+q5hXCUwC0Z5Os6FXvDIrBWUKCdOmBPEx87l57AXBbUZNdpDT9+kZHPAqYB3oO44r9T1Q==",
      "dependencies": {
        "@syncfusion/ej2-base": "~22.2.12",
        "@syncfusion/ej2-charts": "22.2.12",
        "@syncfusion/ej2-vue-base": "~22.2.5"
      }
    }
  },
  "dependencies": {
    "@syncfusion/ej2-base": {
      "version": "22.2.12",
      "resolved": "https://registry.npmjs.org/@syncfusion/ej2-base/-/ej2-base-22.2.12.tgz",
      "integrity": "sha512-r8aEQBfXHxJqPn4EVH9+7OCg45nOE0+RFbY+jVn3E0qwRE9M1VHC6zuxe4pVpjBE67TuKrXdVQHdqz+uH8vIUA==",
      "requires": {
        "@syncfusion/ej2-icons": "~22.2.5"
      }
    },
    "@syncfusion/ej2-buttons": {
      "version": "22.2.9",
      "resolved": "https://registry.npmjs.org/@syncfusion/ej2-buttons/-/ej2-buttons-22.2.9.tgz",
      "integrity": "sha512-D4QbitRDTuO1xuDIAWbMABYGXpKWCOyUZEq9NbUn68zMCaXFX4u4clwAFcxN24XX98mey4pFPL6GLvNnpXWdHQ==",
      "requires": {
        "@syncfusion/ej2-base": "~22.2.9"
      }
    },
    "@syncfusion/ej2-calendars": {
      "version": "22.2.12",
      "resolved": "https://registry.npmjs.org/@syncfusion/ej2-calendars/-/ej2-calendars-22.2.12.tgz",
      "integrity": "sha512-r2a+IqZ22a1nxMqAwX+4rjXZO/f9wnop+zdNRQ+XdqMY6GXx3A2sUl6W+3j7jB47zc0O4Ncs/8l5CgC36hrZGA==",
      "requires": {
        "@syncfusion/ej2-base": "~22.2.12",
        "@syncfusion/ej2-buttons": "~22.2.9",
        "@syncfusion/ej2-inputs": "~22.2.12",
        "@syncfusion/ej2-lists": "~22.2.11",
        "@syncfusion/ej2-popups": "~22.2.11"
      }
    },
    "@syncfusion/ej2-charts": {
      "version": "22.2.12",
      "resolved": "https://registry.npmjs.org/@syncfusion/ej2-charts/-/ej2-charts-22.2.12.tgz",
      "integrity": "sha512-8eud92ei7Jec+xotGMjX/k3Za95VhB/0IErsB974JiyQIlgbcA/LY8njNGN57tbya3qP0kD3GQhYk/q+SgevWQ==",
      "requires": {
        "@syncfusion/ej2-base": "~22.2.12",
        "@syncfusion/ej2-calendars": "~22.2.12",
        "@syncfusion/ej2-compression": "~22.2.5",
        "@syncfusion/ej2-data": "~22.2.5",
        "@syncfusion/ej2-file-utils": "~22.2.5",
        "@syncfusion/ej2-navigations": "~22.2.11",
        "@syncfusion/ej2-pdf-export": "~22.2.5",
        "@syncfusion/ej2-svg-base": "~22.2.8"
      }
    },
    "@syncfusion/ej2-compression": {
      "version": "22.2.5",
      "resolved": "https://registry.npmjs.org/@syncfusion/ej2-compression/-/ej2-compression-22.2.5.tgz",
      "integrity": "sha512-LRiLEWVPxjjlxpeDrG0ZqVLNdnglPkkbxzqvfwKomXS8C0fAQyIiB4oxWDHEdNXrHG7F8FAbD3BFz0+bv14fEw==",
      "requires": {
        "@syncfusion/ej2-file-utils": "~22.2.5"
      }
    },
    "@syncfusion/ej2-data": {
      "version": "22.2.5",
      "resolved": "https://registry.npmjs.org/@syncfusion/ej2-data/-/ej2-data-22.2.5.tgz",
      "integrity": "sha512-RV+ZHrZAQfV+Iey3yaemgvyYiBvdlAw+7N1GYzXnDO1xi3pZl4PxYlh/TM6Im/dNy1VMz42NdpPVlkRvfi1fVg==",
      "requires": {
        "@syncfusion/ej2-base": "~22.2.5"
      }
    },
    "@syncfusion/ej2-file-utils": {
      "version": "22.2.5",
      "resolved": "https://registry.npmjs.org/@syncfusion/ej2-file-utils/-/ej2-file-utils-22.2.5.tgz",
      "integrity": "sha512-GEupJ/8l9YEBv19VURPWd99cnwUWaLkwuId/MMW7tF8k6qRgOnN4CmxagIZsZa4X4B/pbLvVtiWlLLN6GESLPw=="
    },
    "@syncfusion/ej2-icons": {
      "version": "22.2.5",
      "resolved": "https://registry.npmjs.org/@syncfusion/ej2-icons/-/ej2-icons-22.2.5.tgz",
      "integrity": "sha512-gNfUKBZ3kQNCX9fPDYai0xDVXbMPpmTSA9/tcuAv2rJhilCtkL7WSof5dPV/z9IOX8tjWYW/KCOdaTpxMPDQlg=="
    },
    "@syncfusion/ej2-inputs": {
      "version": "22.2.12",
      "resolved": "https://registry.npmjs.org/@syncfusion/ej2-inputs/-/ej2-inputs-22.2.12.tgz",
      "integrity": "sha512-TOmoOjP4DaLzrN1iSff7noGSCHPI913ACprEYQLGCBIHZTsYt/2TxxLYB1u/3TdgPxrJmk/G0TQb80QLFAXAHA==",
      "requires": {
        "@syncfusion/ej2-base": "~22.2.12",
        "@syncfusion/ej2-buttons": "~22.2.9",
        "@syncfusion/ej2-popups": "~22.2.11",
        "@syncfusion/ej2-splitbuttons": "~22.2.8"
      }
    },
    "@syncfusion/ej2-lists": {
      "version": "22.2.11",
      "resolved": "https://registry.npmjs.org/@syncfusion/ej2-lists/-/ej2-lists-22.2.11.tgz",
      "integrity": "sha512-YPHZAAfNNbFTFg8EqPR2H+YSVPUMMkbWUlClOz6F0Ha67d7+uG2QUgPya9r+klXn2az4Ca7bwABjpxyKSUCkGA==",
      "requires": {
        "@syncfusion/ej2-base": "~22.2.10",
        "@syncfusion/ej2-buttons": "~22.2.9",
        "@syncfusion/ej2-data": "~22.2.5"
      }
    },
    "@syncfusion/ej2-navigations": {
      "version": "22.2.11",
      "resolved": "https://registry.npmjs.org/@syncfusion/ej2-navigations/-/ej2-navigations-22.2.11.tgz",
      "integrity": "sha512-regiXG69YWW3nXMsPDUxp4bIcP1tw4PHPpFHZWX36QjW1WhhvxQuP460g+tf6stx7+5g6qxIpcqGm9vY6+oCYQ==",
      "requires": {
        "@syncfusion/ej2-base": "~22.2.10",
        "@syncfusion/ej2-buttons": "~22.2.9",
        "@syncfusion/ej2-data": "~22.2.5",
        "@syncfusion/ej2-inputs": "~22.2.9",
        "@syncfusion/ej2-lists": "~22.2.11",
        "@syncfusion/ej2-popups": "~22.2.11"
      }
    },
    "@syncfusion/ej2-pdf-export": {
      "version": "22.2.5",
      "resolved": "https://registry.npmjs.org/@syncfusion/ej2-pdf-export/-/ej2-pdf-export-22.2.5.tgz",
      "integrity": "sha512-yiZrGg6je3O/wRArn06q3g6nXSbW8x5L/Pz9FSIQ2ZYIYRhGVQaEXicmUC9PPsE3sSxt3QvwTFTRLeOXg2E8Qg==",
      "requires": {
        "@syncfusion/ej2-compression": "~22.2.5"
      }
    },
    "@syncfusion/ej2-popups": {
      "version": "22.2.11",
      "resolved": "https://registry.npmjs.org/@syncfusion/ej2-popups/-/ej2-popups-22.2.11.tgz",
      "integrity": "sha512-xW9JO9sTqWCNQEuFHOPwDF8cBnNlRxNKBnOws+G18YMF+DTKz5a7XZg09tCRU9EFG1CDv1DpR05YvvH+2hMicA==",
      "requires": {
        "@syncfusion/ej2-base": "~22.2.10",
        "@syncfusion/ej2-buttons": "~22.2.9"
      }
    },
    "@syncfusion/ej2-splitbuttons": {
      "version": "22.2.8",
      "resolved": "https://registry.npmjs.org/@syncfusion/ej2-splitbuttons/-/ej2-splitbuttons-22.2.8.tgz",
      "integrity": "sha512-+zo3enSHDtD7yDx1frm2+XlFEQV6uKBriE2wGt+vtZnnyzaESqRFEqxOAtQCFxN3RDMmGRiUT6qwiNSXY4rDeQ==",
      "requires": {
        "@syncfusion/ej2-base": "~22.2.5",
        "@syncfusion/ej2-popups": "~22.2.7"
      }
    },
    "@syncfusion/ej2-svg-base": {
      "version": "22.2.8",
      "resolved": "https://registry.npmjs.org/@syncfusion/ej2-svg-base/-/ej2-svg-base-22.2.8.tgz",
      "integrity": "sha512-HEuYXxNELG7oDbLsvqUpgoAZmkchKYv1QZEBBDOFIsGAYgBb1nCdqLdsvgHNRj5lsIxWTODZenpuFKoAW7A7pw==",
      "requires": {
        "@syncfusion/ej2-base": "~22.2.5"
      }
    },
    "@syncfusion/ej2-vue-base": {
      "version": "22.2.5",
      "resolved": "https://registry.npmjs.org/@syncfusion/ej2-vue-base/-/ej2-vue-base-22.2.5.tgz",
      "integrity": "sha512-+0oRs137rlUNqhxNePWTMsTUMqgKLOY9x9jVhvrNanIYgQdceeVp8ZxA+I2BqUZdY1AATsViWQNDpeNSj6dKhg==",
      "requires": {
        "@syncfusion/ej2-base": "~22.2.5"
      }
    },
    "@syncfusion/ej2-vue-charts": {
      "version": "22.2.12",
      "resolved": "https://registry.npmjs.org/@syncfusion/ej2-vue-charts/-/ej2-vue-charts-22.2.12.tgz",
      "integrity": "sha512-PfyOH7GOneQ7KB89C+q5hXCUwC0Z5Os6FXvDIrBWUKCdOmBPEx87l57AXBbUZNdpDT9+kZHPAqYB3oO44r9T1Q==",
      "requires": {
        "@syncfusion/ej2-base": "~22.2.12",
        "@syncfusion/ej2-charts": "22.2.12",
        "@syncfusion/ej2-vue-base": "~22.2.5"
      }
    }
  }
}
